
Microsoft Visual Studio Solution File, Format Version 12.00
# Visual Studio Version 17
VisualStudioVersion = 17.8.34525.116
MinimumVisualStudioVersion = 10.0.40219.1
Project("{9A19103F-16F7-4668-BE54-9A1E7A4F7556}") = "BlazingShop.Server", "Server\BlazingShop.Server.csproj", "{01F15454-AA28-4B61-BC38-DEFC3B010F06}"
EndProject
Project("{9A19103F-16F7-4668-BE54-9A1E7A4F7556}") = "BlazingShop.Client", "Client\BlazingShop.Client.csproj", "{D60F4551-B970-4BC2-BDF5-857732E64AD5}"
EndProject
Project("{9A19103F-16F7-4668-BE54-9A1E7A4F7556}") = "BlazingShop.Shared", "Shared\BlazingShop.Shared.csproj", "{AC5282A7-5A8C-489C-ABB4-02983436DD07}"
EndProject
Global
	GlobalSection(SolutionConfigurationPlatforms) = preSolution
		Debug|Any CPU = Debug|Any CPU
		Release|Any CPU = Release|Any CPU
	EndGlobalSection
	GlobalSection(ProjectConfigurationPlatforms) = postSolution
		{01F15454-AA28-4B61-BC38-DEFC3B010F06}.Debug|Any CPU.ActiveCfg = Debug|Any CPU
		{01F15454-AA28-4B61-BC38-DEFC3B010F06}.Debug|Any CPU.Build.0 = Debug|Any CPU
		{01F15454-AA28-4B61-BC38-DEFC3B010F06}.Release|Any CPU.ActiveCfg = Release|Any CPU
		{01F15454-AA28-4B61-BC38-DEFC3B010F06}.Release|Any CPU.Build.0 = Release|Any CPU
		{D60F4551-B970-4BC2-BDF5-857732E64AD5}.Debug|Any CPU.ActiveCfg = Debug|Any CPU
		{D60F4551-B970-4BC2-BDF5-857732E64AD5}.Debug|Any CPU.Build.0 = Debug|Any CPU
		{D60F4551-B970-4BC2-BDF5-857732E64AD5}.Release|Any CPU.ActiveCfg = Release|Any CPU
		{D60F4551-B970-4BC2-BDF5-857732E64AD5}.Release|Any CPU.Build.0 = Release|Any CPU
		{AC5282A7-5A8C-489C-ABB4-02983436DD07}.Debug|Any CPU.ActiveCfg = Debug|Any CPU
		{AC5282A7-5A8C-489C-ABB4-02983436DD07}.Debug|Any CPU.Build.0 = Debug|Any CPU
		{AC5282A7-5A8C-489C-ABB4-02983436DD07}.Release|Any CPU.ActiveCfg = Release|Any CPU
		{AC5282A7-5A8C-489C-ABB4-02983436DD07}.Release|Any CPU.Build.0 = Release|Any CPU
	EndGlobalSection
	GlobalSection(SolutionProperties) = preSolution
		HideSolutionNode = FALSE
	EndGlobalSection
	GlobalSection(ExtensibilityGlobals) = postSolution
		SolutionGuid = {3A7161B7-E611-444F-8B6D-D444E94E71F9}
	EndGlobalSection
EndGlobal
